
Microsoft Visual Studio Solution File, Format Version 12.00
# Visual Studio Version 17
VisualStudioVersion = 17.4.33213.308
MinimumVisualStudioVersion = 10.0.40219.1
Project("{FAE04EC0-301F-11D3-BF4B-00C04F79EFBC}") = "Demo102023A.Android", "Demo102023A\Demo102023A.Android\Demo102023A.Android.csproj", "{ECC28560-DEF8-43C6-8182-990B6686EE15}"
EndProject
Project("{FAE04EC0-301F-11D3-BF4B-00C04F79EFBC}") = "Demo102023A.iOS", "Demo102023A\Demo102023A.iOS\Demo102023A.iOS.csproj", "{86C84835-4225-4C06-9B80-832DDF57D031}"
EndProject
Project("{FAE04EC0-301F-11D3-BF4B-00C04F79EFBC}") = "Demo102023A", "Demo102023A\Demo102023A\Demo102023A.csproj", "{148A6EE7-E6EE-4BD1-BE68-61C2A6292931}"
EndProject
Global
	GlobalSection(SolutionConfigurationPlatforms) = preSolution
		Debug|Any CPU = Debug|Any CPU
		Debug|iPhone = Debug|iPhone
		Debug|iPhoneSimulator = Debug|iPhoneSimulator
		Release|Any CPU = Release|Any CPU
		Release|iPhone = Release|iPhone
		Release|iPhoneSimulator = Release|iPhoneSimulator
	EndGlobalSection
	GlobalSection(ProjectConfigurationPlatforms) = postSolution
		{ECC28560-DEF8-43C6-8182-990B6686EE15}.Debug|Any CPU.ActiveCfg = Debug|Any CPU
		{ECC28560-DEF8-43C6-8182-990B6686EE15}.Debug|Any CPU.Build.0 = Debug|Any CPU
		{ECC28560-DEF8-43C6-8182-990B6686EE15}.Debug|Any CPU.Deploy.0 = Debug|Any CPU
		{ECC28560-DEF8-43C6-8182-990B6686EE15}.Debug|iPhone.ActiveCfg = Debug|Any CPU
		{ECC28560-DEF8-43C6-8182-990B6686EE15}.Debug|iPhone.Build.0 = Debug|Any CPU
		{ECC28560-DEF8-43C6-8182-990B6686EE15}.Debug|iPhone.Deploy.0 = Debug|Any CPU
		{ECC28560-DEF8-43C6-8182-990B6686EE15}.Debug|iPhoneSimulator.ActiveCfg = Debug|Any CPU
		{ECC28560-DEF8-43C6-8182-990B6686EE15}.Debug|iPhoneSimulator.Build.0 = Debug|Any CPU
		{ECC28560-DEF8-43C6-8182-990B6686EE15}.Debug|iPhoneSimulator.Deploy.0 = Debug|Any CPU
		{ECC28560-DEF8-43C6-8182-990B6686EE15}.Release|Any CPU.ActiveCfg = Release|Any CPU
		{ECC28560-DEF8-43C6-8182-990B6686EE15}.Release|Any CPU.Build.0 = Release|Any CPU
		{ECC28560-DEF8-43C6-8182-990B6686EE15}.Release|Any CPU.Deploy.0 = Release|Any CPU
		{ECC28560-DEF8-43C6-8182-990B6686EE15}.Release|iPhone.ActiveCfg = Release|Any CPU
		{ECC28560-DEF8-43C6-8182-990B6686EE15}.Release|iPhone.Build.0 = Release|Any CPU
		{ECC28560-DEF8-43C6-8182-990B6686EE15}.Release|iPhone.Deploy.0 = Release|Any CPU
		{ECC28560-DEF8-43C6-8182-990B6686EE15}.Release|iPhoneSimulator.ActiveCfg = Release|Any CPU
		{ECC28560-DEF8-43C6-8182-990B6686EE15}.Release|iPhoneSimulator.Build.0 = Release|Any CPU
		{ECC28560-DEF8-43C6-8182-990B6686EE15}.Release|iPhoneSimulator.Deploy.0 = Release|Any CPU
		{86C84835-4225-4C06-9B80-832DDF57D031}.Debug|Any CPU.ActiveCfg = Debug|iPhone
		{86C84835-4225-4C06-9B80-832DDF57D031}.Debug|Any CPU.Build.0 = Debug|iPhone
		{86C84835-4225-4C06-9B80-832DDF57D031}.Debug|Any CPU.Deploy.0 = Debug|iPhone
		{86C84835-4225-4C06-9B80-832DDF57D031}.Debug|iPhone.ActiveCfg = Debug|iPhone
		{86C84835-4225-4C06-9B80-832DDF57D031}.Debug|iPhone.Build.0 = Debug|iPhone
		{86C84835-4225-4C06-9B80-832DDF57D031}.Debug|iPhone.Deploy.0 = Debug|iPhone
		{86C84835-4225-4C06-9B80-832DDF57D031}.Debug|iPhoneSimulator.ActiveCfg = Debug|iPhoneSimulator
		{86C84835-4225-4C06-9B80-832DDF57D031}.Debug|iPhoneSimulator.Build.0 = Debug|iPhoneSimulator
		{86C84835-4225-4C06-9B80-832DDF57D031}.Debug|iPhoneSimulator.Deploy.0 = Debug|iPhoneSimulator
		{86C84835-4225-4C06-9B80-832DDF57D031}.Release|Any CPU.ActiveCfg = Release|iPhoneSimulator
		{86C84835-4225-4C06-9B80-832DDF57D031}.Release|Any CPU.Build.0 = Release|iPhoneSimulator
		{86C84835-4225-4C06-9B80-832DDF57D031}.Release|Any CPU.Deploy.0 = Release|iPhoneSimulator
		{86C84835-4225-4C06-9B80-832DDF57D031}.Release|iPhone.ActiveCfg = Release|iPhone
		{86C84835-4225-4C06-9B80-832DDF57D031}.Release|iPhone.Build.0 = Release|iPhone
		{86C84835-4225-4C06-9B80-832DDF57D031}.Release|iPhone.Deploy.0 = Release|iPhone
		{86C84835-4225-4C06-9B80-832DDF57D031}.Release|iPhoneSimulator.ActiveCfg = Release|iPhoneSimulator
		{86C84835-4225-4C06-9B80-832DDF57D031}.Release|iPhoneSimulator.Build.0 = Release|iPhoneSimulator
		{86C84835-4225-4C06-9B80-832DDF57D031}.Release|iPhoneSimulator.Deploy.0 = Release|iPhoneSimulator
		{148A6EE7-E6EE-4BD1-BE68-61C2A6292931}.Debug|Any CPU.ActiveCfg = Debug|Any CPU
		{148A6EE7-E6EE-4BD1-BE68-61C2A6292931}.Debug|Any CPU.Build.0 = Debug|Any CPU
		{148A6EE7-E6EE-4BD1-BE68-61C2A6292931}.Debug|Any CPU.Deploy.0 = Debug|Any CPU
		{148A6EE7-E6EE-4BD1-BE68-61C2A6292931}.Debug|iPhone.ActiveCfg = Debug|Any CPU
		{148A6EE7-E6EE-4BD1-BE68-61C2A6292931}.Debug|iPhone.Build.0 = Debug|Any CPU
		{148A6EE7-E6EE-4BD1-BE68-61C2A6292931}.Debug|iPhone.Deploy.0 = Debug|Any CPU
		{148A6EE7-E6EE-4BD1-BE68-61C2A6292931}.Debug|iPhoneSimulator.ActiveCfg = Debug|Any CPU
		{148A6EE7-E6EE-4BD1-BE68-61C2A6292931}.Debug|iPhoneSimulator.Build.0 = Debug|Any CPU
		{148A6EE7-E6EE-4BD1-BE68-61C2A6292931}.Debug|iPhoneSimulator.Deploy.0 = Debug|Any CPU
		{148A6EE7-E6EE-4BD1-BE68-61C2A6292931}.Release|Any CPU.ActiveCfg = Release|Any CPU
		{148A6EE7-E6EE-4BD1-BE68-61C2A6292931}.Release|Any CPU.Build.0 = Release|Any CPU
		{148A6EE7-E6EE-4BD1-BE68-61C2A6292931}.Release|Any CPU.Deploy.0 = Release|Any CPU
		{148A6EE7-E6EE-4BD1-BE68-61C2A6292931}.Release|iPhone.ActiveCfg = Release|Any CPU
		{148A6EE7-E6EE-4BD1-BE68-61C2A6292931}.Release|iPhone.Build.0 = Release|Any CPU
		{148A6EE7-E6EE-4BD1-BE68-61C2A6292931}.Release|iPhone.Deploy.0 = Release|Any CPU
		{148A6EE7-E6EE-4BD1-BE68-61C2A6292931}.Release|iPhoneSimulator.ActiveCfg = Release|Any CPU
		{148A6EE7-E6EE-4BD1-BE68-61C2A6292931}.Release|iPhoneSimulator.Build.0 = Release|Any CPU
		{148A6EE7-E6EE-4BD1-BE68-61C2A6292931}.Release|iPhoneSimulator.Deploy.0 = Release|Any CPU
	EndGlobalSection
	GlobalSection(SolutionProperties) = preSolution
		HideSolutionNode = FALSE
	EndGlobalSection
	GlobalSection(ExtensibilityGlobals) = postSolution
		SolutionGuid = {C422A6D7-ECEB-4D4E-9933-5B9548ECC848}
	EndGlobalSection
EndGlobal
